
Microsoft Visual Studio Solution File, Format Version 12.00
# Visual Studio Version 17
VisualStudioVersion = 17.10.34916.146
MinimumVisualStudioVersion = 10.0.40219.1
Project("{FAE04EC0-301F-11D3-BF4B-00C04F79EFBC}") = "SopaLetrasAPI", "SopaLetrasAPI\SopaLetrasAPI.csproj", "{F9D82EC2-6869-4332-AF13-CEEE510F5F7D}"
EndProject
Global
	GlobalSection(SolutionConfigurationPlatforms) = preSolution
		Debug|Any CPU = Debug|Any CPU
		Release|Any CPU = Release|Any CPU
	EndGlobalSection
	GlobalSection(ProjectConfigurationPlatforms) = postSolution
		{F9D82EC2-6869-4332-AF13-CEEE510F5F7D}.Debug|Any CPU.ActiveCfg = Debug|Any CPU
		{F9D82EC2-6869-4332-AF13-CEEE510F5F7D}.Debug|Any CPU.Build.0 = Debug|Any CPU
		{F9D82EC2-6869-4332-AF13-CEEE510F5F7D}.Release|Any CPU.ActiveCfg = Release|Any CPU
		{F9D82EC2-6869-4332-AF13-CEEE510F5F7D}.Release|Any CPU.Build.0 = Release|Any CPU
	EndGlobalSection
	GlobalSection(SolutionProperties) = preSolution
		HideSolutionNode = FALSE
	EndGlobalSection
	GlobalSection(ExtensibilityGlobals) = postSolution
		SolutionGuid = {982950E3-907A-46A5-823D-56EBF70A2CB3}
	EndGlobalSection
EndGlobal
